{
  "version": 4,
  "terraform_version": "0.12.18",
  "serial": 48,
  "lineage": "c3c77dba-897a-9e0c-dcf0-11a84b560d97",
  "outputs": {},
  "resources": [
    {
      "mode": "managed",
      "type": "aws_instance",
      "name": "example",
      "provider": "provider.aws",
      "instances": [
        {
          "status": "tainted",
          "schema_version": 1,
          "attributes": {
            "ami": "ami-0987ee37af7792903",
            "arn": "arn:aws:ec2:eu-west-1:199384194885:instance/i-05d7985712d3ff30c",
            "associate_public_ip_address": true,
            "availability_zone": "eu-west-1c",
            "cpu_core_count": 1,
            "cpu_threads_per_core": 1,
            "credit_specification": [
              {
                "cpu_credits": "standard"
              }
            ],
            "disable_api_termination": false,
            "ebs_block_device": [],
            "ebs_optimized": false,
            "ephemeral_block_device": [],
            "get_password_data": false,
            "host_id": null,
            "iam_instance_profile": "",
            "id": "i-05d7985712d3ff30c",
            "instance_initiated_shutdown_behavior": null,
            "instance_state": "running",
            "instance_type": "t2.micro",
            "ipv6_address_count": 0,
            "ipv6_addresses": [],
            "key_name": "mykey",
            "monitoring": false,
            "network_interface": [],
            "network_interface_id": null,
            "password_data": "",
            "placement_group": "",
            "primary_network_interface_id": "eni-0bcd0faae921f6a69",
            "private_dns": "ip-172-31-38-157.eu-west-1.compute.internal",
            "private_ip": "172.31.38.157",
            "public_dns": "ec2-34-247-162-223.eu-west-1.compute.amazonaws.com",
            "public_ip": "34.247.162.223",
            "root_block_device": [
              {
                "delete_on_termination": true,
                "encrypted": false,
                "iops": 100,
                "kms_key_id": "",
                "volume_id": "vol-02707a544c4f3eb1b",
                "volume_size": 8,
                "volume_type": "gp2"
              }
            ],
            "security_groups": [
              "default"
            ],
            "source_dest_check": true,
            "subnet_id": "subnet-3d74ff67",
            "tags": null,
            "tenancy": "default",
            "timeouts": null,
            "user_data": null,
            "user_data_base64": null,
            "volume_tags": {},
            "vpc_security_group_ids": [
              "sg-e2466194"
            ]
          },
          "private": "eyJlMmJmYjczMC1lY2FhLTExZTYtOGY4OC0zNDM2M2JjN2M0YzAiOnsiY3JlYXRlIjo2MDAwMDAwMDAwMDAsImRlbGV0ZSI6MTIwMDAwMDAwMDAwMCwidXBkYXRlIjo2MDAwMDAwMDAwMDB9LCJzY2hlbWFfdmVyc2lvbiI6IjEifQ==",
          "dependencies": [
            "aws_key_pair.mykey"
          ]
        }
      ]
    },
    {
      "mode": "managed",
      "type": "aws_key_pair",
      "name": "mykey",
      "provider": "provider.aws",
      "instances": [
        {
          "schema_version": 1,
          "attributes": {
            "fingerprint": "13:0a:ed:9b:06:a2:28:09:97:b4:37:2d:08:bb:18:e1",
            "id": "mykey",
            "key_name": "mykey",
            "key_name_prefix": null,
            "public_key": "ssh-rsa AAAAB3NzaC1yc2EAAAADAQABAAABAQC2Bc42nXGcZE6Xj/pl0NAERBSPob1MntwKEnP9b/iYXRieqqOn1sYA9WXPbtM4CLaY+BqQbqB+L73AhDNJLNaCGWsNT5j/XyEVSTsELRPaXFAAVFM6ZltV/jC5VesCUgKxEIiBYecIkaXhmLlJruVu0rkpbSFE5q30nXoB+4bcBP4jfOaiRDjvaM+DvPWr0NiD0zx4q7an3EyGIQbwLioVv7fftyrgBhBbM4qkrEoPs+ERjj1RLsTbIQMXMyG0cqWaiK3839IGOV06B3JHjPaRG8iFe34FQXwYdB8W159dCO6yOssWZeV416FPOi2K1Vqd1L1vIgJY+Eqw6fYD32h5 root@kubemaster.example.net"
          },
          "private": "eyJzY2hlbWFfdmVyc2lvbiI6IjEifQ=="
        }
      ]
    }
  ]
}
